
Microsoft Visual Studio Solution File, Format Version 12.00
# Visual Studio 15
Project("{FAE04EC0-301F-11D3-BF4B-00C04F79EFBC}") = "Assembly-CSharp", "Assembly-CSharp.csproj", "{3DA9DF13-4277-60D4-C6B9-596826924769}"
EndProject
Project("{FAE04EC0-301F-11D3-BF4B-00C04F79EFBC}") = "Assembly-CSharp-firstpass", "Assembly-CSharp-firstpass.csproj", "{293890E8-3CD5-3E25-3062-8D9DBC4F0D70}"
EndProject
Project("{FAE04EC0-301F-11D3-BF4B-00C04F79EFBC}") = "Assembly-CSharp-Editor-firstpass", "Assembly-CSharp-Editor-firstpass.csproj", "{0739B5E8-2B6A-702E-CCC8-C28AFBA56A8A}"
EndProject
Global
	GlobalSection(SolutionConfigurationPlatforms) = preSolution
		Debug|Any CPU = Debug|Any CPU
		Release|Any CPU = Release|Any CPU
	EndGlobalSection
	GlobalSection(ProjectConfigurationPlatforms) = postSolution
		{3DA9DF13-4277-60D4-C6B9-596826924769}.Debug|Any CPU.ActiveCfg = Debug|Any CPU
		{3DA9DF13-4277-60D4-C6B9-596826924769}.Debug|Any CPU.Build.0 = Debug|Any CPU
		{3DA9DF13-4277-60D4-C6B9-596826924769}.Release|Any CPU.ActiveCfg = Release|Any CPU
		{3DA9DF13-4277-60D4-C6B9-596826924769}.Release|Any CPU.Build.0 = Release|Any CPU
		{293890E8-3CD5-3E25-3062-8D9DBC4F0D70}.Debug|Any CPU.ActiveCfg = Debug|Any CPU
		{293890E8-3CD5-3E25-3062-8D9DBC4F0D70}.Debug|Any CPU.Build.0 = Debug|Any CPU
		{293890E8-3CD5-3E25-3062-8D9DBC4F0D70}.Release|Any CPU.ActiveCfg = Release|Any CPU
		{293890E8-3CD5-3E25-3062-8D9DBC4F0D70}.Release|Any CPU.Build.0 = Release|Any CPU
		{0739B5E8-2B6A-702E-CCC8-C28AFBA56A8A}.Debug|Any CPU.ActiveCfg = Debug|Any CPU
		{0739B5E8-2B6A-702E-CCC8-C28AFBA56A8A}.Debug|Any CPU.Build.0 = Debug|Any CPU
		{0739B5E8-2B6A-702E-CCC8-C28AFBA56A8A}.Release|Any CPU.ActiveCfg = Release|Any CPU
		{0739B5E8-2B6A-702E-CCC8-C28AFBA56A8A}.Release|Any CPU.Build.0 = Release|Any CPU
	EndGlobalSection
	GlobalSection(SolutionProperties) = preSolution
		HideSolutionNode = FALSE
	EndGlobalSection
EndGlobal
